// !$*UTF8*$!
{
	archiveVersion = 1;
	classes = {
	};
	objectVersion = 51;
	objects = {

/* Begin PBXBuildFile section */
		5B3B52C8AF37F3BFA838122C /* Pods_Swift_MVVM_Swift_MVVMUITests.framework in Frameworks */ = {isa = PBXBuildFile; fileRef = 1730F744ECF35875744A0CBA /* Pods_Swift_MVVM_Swift_MVVMUITests.framework */; };
		952B8B09264176A300F04F36 /* BaseRequest.swift in Sources */ = {isa = PBXBuildFile; fileRef = 952B8B08264176A300F04F36 /* BaseRequest.swift */; };
		952B8B0B264176C700F04F36 /* BaseResponse.swift in Sources */ = {isa = PBXBuildFile; fileRef = 952B8B0A264176C700F04F36 /* BaseResponse.swift */; };
		953485F52638065100812A7F /* Default.swift in Sources */ = {isa = PBXBuildFile; fileRef = 953485F42638065100812A7F /* Default.swift */; };
		953485F926380DB000812A7F /* GithubUserApiLegacy.swift in Sources */ = {isa = PBXBuildFile; fileRef = 953485F826380DB000812A7F /* GithubUserApiLegacy.swift */; };
		9539401E263199420067D390 /* LegacyNetwork.swift in Sources */ = {isa = PBXBuildFile; fileRef = 9539401D263199420067D390 /* LegacyNetwork.swift */; };
		9539402A2631AAA00067D390 /* GithubUserView.swift in Sources */ = {isa = PBXBuildFile; fileRef = 953940292631AAA00067D390 /* GithubUserView.swift */; };
		953940322631AAD70067D390 /* GithubUserItemView.swift in Sources */ = {isa = PBXBuildFile; fileRef = 953940312631AAD70067D390 /* GithubUserItemView.swift */; };
		953940372631AFC50067D390 /* GithubUserViewModel.swift in Sources */ = {isa = PBXBuildFile; fileRef = 953940362631AFC50067D390 /* GithubUserViewModel.swift */; };
		9548B6F62656081E00028B84 /* SwitProtocol.swift in Sources */ = {isa = PBXBuildFile; fileRef = 9548B6F52656081E00028B84 /* SwitProtocol.swift */; };
		9548B6FC265608AA00028B84 /* Switrest.swift in Sources */ = {isa = PBXBuildFile; fileRef = 9548B6FB265608AA00028B84 /* Switrest.swift */; };
		9548B6FE26560D1400028B84 /* GithubUserTitle.swift in Sources */ = {isa = PBXBuildFile; fileRef = 9548B6FD26560D1400028B84 /* GithubUserTitle.swift */; };
		954B4151262D139C004E73B3 /* MainApp.swift in Sources */ = {isa = PBXBuildFile; fileRef = 954B4150262D139C004E73B3 /* MainApp.swift */; };
		954B4153262D139C004E73B3 /* RootView.swift in Sources */ = {isa = PBXBuildFile; fileRef = 954B4152262D139C004E73B3 /* RootView.swift */; };
		954B4155262D139D004E73B3 /* Assets.xcassets in Resources */ = {isa = PBXBuildFile; fileRef = 954B4154262D139D004E73B3 /* Assets.xcassets */; };
		954B4158262D139D004E73B3 /* Preview Assets.xcassets in Resources */ = {isa = PBXBuildFile; fileRef = 954B4157262D139D004E73B3 /* Preview Assets.xcassets */; };
		954B4163262D139D004E73B3 /* Swift_MVVMTests.swift in Sources */ = {isa = PBXBuildFile; fileRef = 954B4162262D139D004E73B3 /* Swift_MVVMTests.swift */; };
		954B416E262D139D004E73B3 /* Swift_MVVMUITests.swift in Sources */ = {isa = PBXBuildFile; fileRef = 954B416D262D139D004E73B3 /* Swift_MVVMUITests.swift */; };
		957CE9D126492B7D000873F1 /* Request.swift in Sources */ = {isa = PBXBuildFile; fileRef = 957CE9D026492B7D000873F1 /* Request.swift */; };
		957CE9D326493925000873F1 /* NetworkRequestError.swift in Sources */ = {isa = PBXBuildFile; fileRef = 957CE9D226493925000873F1 /* NetworkRequestError.swift */; };
		957CE9D5264939B4000873F1 /* NetworkDispatcher.swift in Sources */ = {isa = PBXBuildFile; fileRef = 957CE9D4264939B4000873F1 /* NetworkDispatcher.swift */; };
		957CE9D726493D35000873F1 /* NetworkClient.swift in Sources */ = {isa = PBXBuildFile; fileRef = 957CE9D626493D35000873F1 /* NetworkClient.swift */; };
		957CE9DA26495901000873F1 /* URLRequestBuilder.swift in Sources */ = {isa = PBXBuildFile; fileRef = 957CE9D926495901000873F1 /* URLRequestBuilder.swift */; };
		957CE9DC264959CC000873F1 /* NetworkConfig.swift in Sources */ = {isa = PBXBuildFile; fileRef = 957CE9DB264959CC000873F1 /* NetworkConfig.swift */; };
		957CE9E026496DE3000873F1 /* Switro.swift in Sources */ = {isa = PBXBuildFile; fileRef = 957CE9DF26496DE3000873F1 /* Switro.swift */; };
		958EB60A2646A70D00D0770C /* ApiHandler.swift in Sources */ = {isa = PBXBuildFile; fileRef = 958EB6092646A70D00D0770C /* ApiHandler.swift */; };
		958F1DCB2643EFB600F8896C /* MainView.swift in Sources */ = {isa = PBXBuildFile; fileRef = 958F1DCA2643EFB600F8896C /* MainView.swift */; };
		958F1DCF2643F03900F8896C /* RootViewModel.swift in Sources */ = {isa = PBXBuildFile; fileRef = 958F1DCE2643F03900F8896C /* RootViewModel.swift */; };
		95A50C8C26356A4B00E79C38 /* LauncherView.swift in Sources */ = {isa = PBXBuildFile; fileRef = 95A50C8B26356A4B00E79C38 /* LauncherView.swift */; };
		95A50C9D26356E5200E79C38 /* Spoqa Han Sans Regular.ttf in Resources */ = {isa = PBXBuildFile; fileRef = 95A50C9B26356E5200E79C38 /* Spoqa Han Sans Regular.ttf */; };
		95A50C9E26356E5200E79C38 /* Spoqa Han Sans Bold.ttf in Resources */ = {isa = PBXBuildFile; fileRef = 95A50C9C26356E5200E79C38 /* Spoqa Han Sans Bold.ttf */; };
		95A50CA326356E5F00E79C38 /* Colors.xcassets in Resources */ = {isa = PBXBuildFile; fileRef = 95A50CA226356E5F00E79C38 /* Colors.xcassets */; };
		95A50CA826356E8E00E79C38 /* Font.swift in Sources */ = {isa = PBXBuildFile; fileRef = 95A50CA726356E8E00E79C38 /* Font.swift */; };
		95A50CAD26356E9600E79C38 /* Resource.swift in Sources */ = {isa = PBXBuildFile; fileRef = 95A50CAC26356E9600E79C38 /* Resource.swift */; };
		95A50CB326356F8500E79C38 /* LogUtil.swift in Sources */ = {isa = PBXBuildFile; fileRef = 95A50CB226356F8500E79C38 /* LogUtil.swift */; };
		95E209EE264551D300AC83A0 /* GithubUser.swift in Sources */ = {isa = PBXBuildFile; fileRef = 95E209ED264551D300AC83A0 /* GithubUser.swift */; };
		95E209F0264565A100AC83A0 /* GithubDatasource.swift in Sources */ = {isa = PBXBuildFile; fileRef = 95E209EF264565A100AC83A0 /* GithubDatasource.swift */; };
		95E209F2264566F200AC83A0 /* BaseDatasource.swift in Sources */ = {isa = PBXBuildFile; fileRef = 95E209F1264566F200AC83A0 /* BaseDatasource.swift */; };
		95E209F426457C9500AC83A0 /* GithubRepository.swift in Sources */ = {isa = PBXBuildFile; fileRef = 95E209F326457C9500AC83A0 /* GithubRepository.swift */; };
		95E209F626457D5200AC83A0 /* GithubUserDAO.swift in Sources */ = {isa = PBXBuildFile; fileRef = 95E209F526457D5200AC83A0 /* GithubUserDAO.swift */; };
		95E209F826457D7200AC83A0 /* BaseDAO.swift in Sources */ = {isa = PBXBuildFile; fileRef = 95E209F726457D7200AC83A0 /* BaseDAO.swift */; };
		95E209FA2645810100AC83A0 /* BaseViewModel.swift in Sources */ = {isa = PBXBuildFile; fileRef = 95E209F92645810100AC83A0 /* BaseViewModel.swift */; };
		95F7DC8E2649810300CC09AB /* RestService.swift in Sources */ = {isa = PBXBuildFile; fileRef = 95F7DC8D2649810300CC09AB /* RestService.swift */; };
		A4439128EEAB61F915E1443E /* Pods_Swift_MVVM.framework in Frameworks */ = {isa = PBXBuildFile; fileRef = 952488F472C46B7D652F6F44 /* Pods_Swift_MVVM.framework */; };
		F18D17A088433E3C2774BD7A /* Pods_Swift_MVVMTests.framework in Frameworks */ = {isa = PBXBuildFile; fileRef = 64DAA54A3FD6A96B2F53DEE7 /* Pods_Swift_MVVMTests.framework */; };
/* End PBXBuildFile section */

/* Begin PBXContainerItemProxy section */
		954B415F262D139D004E73B3 /* PBXContainerItemProxy */ = {
			isa = PBXContainerItemProxy;
			containerPortal = 954B4145262D139C004E73B3 /* Project object */;
			proxyType = 1;
			remoteGlobalIDString = 954B414C262D139C004E73B3;
			remoteInfo = "Swift MVVM";
		};
		954B416A262D139D004E73B3 /* PBXContainerItemProxy */ = {
			isa = PBXContainerItemProxy;
			containerPortal = 954B4145262D139C004E73B3 /* Project object */;
			proxyType = 1;
			remoteGlobalIDString = 954B414C262D139C004E73B3;
			remoteInfo = "Swift MVVM";
		};
/* End PBXContainerItemProxy section */

/* Begin PBXFileReference section */
		01C38BF3833AEE9C0436CBB2 /* Pods-Swift MVVM.debug.xcconfig */ = {isa = PBXFileReference; includeInIndex = 1; lastKnownFileType = text.xcconfig; name = "Pods-Swift MVVM.debug.xcconfig"; path = "Target Support Files/Pods-Swift MVVM/Pods-Swift MVVM.debug.xcconfig"; sourceTree = "<group>"; };
		1730F744ECF35875744A0CBA /* Pods_Swift_MVVM_Swift_MVVMUITests.framework */ = {isa = PBXFileReference; explicitFileType = wrapper.framework; includeInIndex = 0; path = Pods_Swift_MVVM_Swift_MVVMUITests.framework; sourceTree = BUILT_PRODUCTS_DIR; };
		64DAA54A3FD6A96B2F53DEE7 /* Pods_Swift_MVVMTests.framework */ = {isa = PBXFileReference; explicitFileType = wrapper.framework; includeInIndex = 0; path = Pods_Swift_MVVMTests.framework; sourceTree = BUILT_PRODUCTS_DIR; };
		952488F472C46B7D652F6F44 /* Pods_Swift_MVVM.framework */ = {isa = PBXFileReference; explicitFileType = wrapper.framework; includeInIndex = 0; path = Pods_Swift_MVVM.framework; sourceTree = BUILT_PRODUCTS_DIR; };
		952B8B08264176A300F04F36 /* BaseRequest.swift */ = {isa = PBXFileReference; lastKnownFileType = sourcecode.swift; path = BaseRequest.swift; sourceTree = "<group>"; };
		952B8B0A264176C700F04F36 /* BaseResponse.swift */ = {isa = PBXFileReference; lastKnownFileType = sourcecode.swift; path = BaseResponse.swift; sourceTree = "<group>"; };
		953485F42638065100812A7F /* Default.swift */ = {isa = PBXFileReference; lastKnownFileType = sourcecode.swift; path = Default.swift; sourceTree = "<group>"; };
		953485F826380DB000812A7F /* GithubUserApiLegacy.swift */ = {isa = PBXFileReference; lastKnownFileType = sourcecode.swift; path = GithubUserApiLegacy.swift; sourceTree = "<group>"; };
		9539401D263199420067D390 /* LegacyNetwork.swift */ = {isa = PBXFileReference; lastKnownFileType = sourcecode.swift; path = LegacyNetwork.swift; sourceTree = "<group>"; };
		953940292631AAA00067D390 /* GithubUserView.swift */ = {isa = PBXFileReference; lastKnownFileType = sourcecode.swift; path = GithubUserView.swift; sourceTree = "<group>"; };
		953940312631AAD70067D390 /* GithubUserItemView.swift */ = {isa = PBXFileReference; lastKnownFileType = sourcecode.swift; path = GithubUserItemView.swift; sourceTree = "<group>"; };
		953940362631AFC50067D390 /* GithubUserViewModel.swift */ = {isa = PBXFileReference; lastKnownFileType = sourcecode.swift; path = GithubUserViewModel.swift; sourceTree = "<group>"; };
		9548B6F52656081E00028B84 /* SwitProtocol.swift */ = {isa = PBXFileReference; lastKnownFileType = sourcecode.swift; path = SwitProtocol.swift; sourceTree = "<group>"; };
		9548B6FB265608AA00028B84 /* Switrest.swift */ = {isa = PBXFileReference; lastKnownFileType = sourcecode.swift; path = Switrest.swift; sourceTree = "<group>"; };
		9548B6FD26560D1400028B84 /* GithubUserTitle.swift */ = {isa = PBXFileReference; lastKnownFileType = sourcecode.swift; path = GithubUserTitle.swift; sourceTree = "<group>"; };
		954B414D262D139C004E73B3 /* Swift MVVM.app */ = {isa = PBXFileReference; explicitFileType = wrapper.application; includeInIndex = 0; path = "Swift MVVM.app"; sourceTree = BUILT_PRODUCTS_DIR; };
		954B4150262D139C004E73B3 /* MainApp.swift */ = {isa = PBXFileReference; lastKnownFileType = sourcecode.swift; path = MainApp.swift; sourceTree = "<group>"; };
		954B4152262D139C004E73B3 /* RootView.swift */ = {isa = PBXFileReference; lastKnownFileType = sourcecode.swift; path = RootView.swift; sourceTree = "<group>"; };
		954B4154262D139D004E73B3 /* Assets.xcassets */ = {isa = PBXFileReference; lastKnownFileType = folder.assetcatalog; path = Assets.xcassets; sourceTree = "<group>"; };
		954B4157262D139D004E73B3 /* Preview Assets.xcassets */ = {isa = PBXFileReference; lastKnownFileType = folder.assetcatalog; path = "Preview Assets.xcassets"; sourceTree = "<group>"; };
		954B4159262D139D004E73B3 /* Info.plist */ = {isa = PBXFileReference; lastKnownFileType = text.plist.xml; path = Info.plist; sourceTree = "<group>"; };
		954B415E262D139D004E73B3 /* Swift MVVMTests.xctest */ = {isa = PBXFileReference; explicitFileType = wrapper.cfbundle; includeInIndex = 0; path = "Swift MVVMTests.xctest"; sourceTree = BUILT_PRODUCTS_DIR; };
		954B4162262D139D004E73B3 /* Swift_MVVMTests.swift */ = {isa = PBXFileReference; lastKnownFileType = sourcecode.swift; path = Swift_MVVMTests.swift; sourceTree = "<group>"; };
		954B4164262D139D004E73B3 /* Info.plist */ = {isa = PBXFileReference; lastKnownFileType = text.plist.xml; path = Info.plist; sourceTree = "<group>"; };
		954B4169262D139D004E73B3 /* Swift MVVMUITests.xctest */ = {isa = PBXFileReference; explicitFileType = wrapper.cfbundle; includeInIndex = 0; path = "Swift MVVMUITests.xctest"; sourceTree = BUILT_PRODUCTS_DIR; };
		954B416D262D139D004E73B3 /* Swift_MVVMUITests.swift */ = {isa = PBXFileReference; lastKnownFileType = sourcecode.swift; path = Swift_MVVMUITests.swift; sourceTree = "<group>"; };
		954B416F262D139D004E73B3 /* Info.plist */ = {isa = PBXFileReference; lastKnownFileType = text.plist.xml; path = Info.plist; sourceTree = "<group>"; };
		957CE9D026492B7D000873F1 /* Request.swift */ = {isa = PBXFileReference; lastKnownFileType = sourcecode.swift; path = Request.swift; sourceTree = "<group>"; };
		957CE9D226493925000873F1 /* NetworkRequestError.swift */ = {isa = PBXFileReference; lastKnownFileType = sourcecode.swift; path = NetworkRequestError.swift; sourceTree = "<group>"; };
		957CE9D4264939B4000873F1 /* NetworkDispatcher.swift */ = {isa = PBXFileReference; lastKnownFileType = sourcecode.swift; path = NetworkDispatcher.swift; sourceTree = "<group>"; };
		957CE9D626493D35000873F1 /* NetworkClient.swift */ = {isa = PBXFileReference; lastKnownFileType = sourcecode.swift; path = NetworkClient.swift; sourceTree = "<group>"; };
		957CE9D926495901000873F1 /* URLRequestBuilder.swift */ = {isa = PBXFileReference; lastKnownFileType = sourcecode.swift; path = URLRequestBuilder.swift; sourceTree = "<group>"; };
		957CE9DB264959CC000873F1 /* NetworkConfig.swift */ = {isa = PBXFileReference; lastKnownFileType = sourcecode.swift; path = NetworkConfig.swift; sourceTree = "<group>"; };
		957CE9DF26496DE3000873F1 /* Switro.swift */ = {isa = PBXFileReference; lastKnownFileType = sourcecode.swift; path = Switro.swift; sourceTree = "<group>"; };
		958EB6092646A70D00D0770C /* ApiHandler.swift */ = {isa = PBXFileReference; fileEncoding = 4; lastKnownFileType = sourcecode.swift; path = ApiHandler.swift; sourceTree = "<group>"; };
		958F1DCA2643EFB600F8896C /* MainView.swift */ = {isa = PBXFileReference; lastKnownFileType = sourcecode.swift; path = MainView.swift; sourceTree = "<group>"; };
		958F1DCE2643F03900F8896C /* RootViewModel.swift */ = {isa = PBXFileReference; lastKnownFileType = sourcecode.swift; path = RootViewModel.swift; sourceTree = "<group>"; };
		95A50C8B26356A4B00E79C38 /* LauncherView.swift */ = {isa = PBXFileReference; lastKnownFileType = sourcecode.swift; path = LauncherView.swift; sourceTree = "<group>"; };
		95A50C9B26356E5200E79C38 /* Spoqa Han Sans Regular.ttf */ = {isa = PBXFileReference; lastKnownFileType = file; path = "Spoqa Han Sans Regular.ttf"; sourceTree = "<group>"; };
		95A50C9C26356E5200E79C38 /* Spoqa Han Sans Bold.ttf */ = {isa = PBXFileReference; lastKnownFileType = file; path = "Spoqa Han Sans Bold.ttf"; sourceTree = "<group>"; };
		95A50CA226356E5F00E79C38 /* Colors.xcassets */ = {isa = PBXFileReference; lastKnownFileType = folder.assetcatalog; path = Colors.xcassets; sourceTree = "<group>"; };
		95A50CA726356E8E00E79C38 /* Font.swift */ = {isa = PBXFileReference; fileEncoding = 4; lastKnownFileType = sourcecode.swift; path = Font.swift; sourceTree = "<group>"; };
		95A50CAC26356E9600E79C38 /* Resource.swift */ = {isa = PBXFileReference; fileEncoding = 4; lastKnownFileType = sourcecode.swift; path = Resource.swift; sourceTree = "<group>"; };
		95A50CB226356F8500E79C38 /* LogUtil.swift */ = {isa = PBXFileReference; fileEncoding = 4; lastKnownFileType = sourcecode.swift; path = LogUtil.swift; sourceTree = "<group>"; };
		95E209ED264551D300AC83A0 /* GithubUser.swift */ = {isa = PBXFileReference; lastKnownFileType = sourcecode.swift; path = GithubUser.swift; sourceTree = "<group>"; };
		95E209EF264565A100AC83A0 /* GithubDatasource.swift */ = {isa = PBXFileReference; lastKnownFileType = sourcecode.swift; path = GithubDatasource.swift; sourceTree = "<group>"; };
		95E209F1264566F200AC83A0 /* BaseDatasource.swift */ = {isa = PBXFileReference; lastKnownFileType = sourcecode.swift; path = BaseDatasource.swift; sourceTree = "<group>"; };
		95E209F326457C9500AC83A0 /* GithubRepository.swift */ = {isa = PBXFileReference; lastKnownFileType = sourcecode.swift; path = GithubRepository.swift; sourceTree = "<group>"; };
		95E209F526457D5200AC83A0 /* GithubUserDAO.swift */ = {isa = PBXFileReference; lastKnownFileType = sourcecode.swift; path = GithubUserDAO.swift; sourceTree = "<group>"; };
		95E209F726457D7200AC83A0 /* BaseDAO.swift */ = {isa = PBXFileReference; lastKnownFileType = sourcecode.swift; path = BaseDAO.swift; sourceTree = "<group>"; };
		95E209F92645810100AC83A0 /* BaseViewModel.swift */ = {isa = PBXFileReference; lastKnownFileType = sourcecode.swift; path = BaseViewModel.swift; sourceTree = "<group>"; };
		95F7DC8D2649810300CC09AB /* RestService.swift */ = {isa = PBXFileReference; lastKnownFileType = sourcecode.swift; path = RestService.swift; sourceTree = "<group>"; };
		B54D67AA51D54F2782795405 /* Pods-Swift MVVM-Swift MVVMUITests.debug.xcconfig */ = {isa = PBXFileReference; includeInIndex = 1; lastKnownFileType = text.xcconfig; name = "Pods-Swift MVVM-Swift MVVMUITests.debug.xcconfig"; path = "Target Support Files/Pods-Swift MVVM-Swift MVVMUITests/Pods-Swift MVVM-Swift MVVMUITests.debug.xcconfig"; sourceTree = "<group>"; };
		BE1754FA626448D6E37254D4 /* Pods-Swift MVVM-Swift MVVMUITests.release.xcconfig */ = {isa = PBXFileReference; includeInIndex = 1; lastKnownFileType = text.xcconfig; name = "Pods-Swift MVVM-Swift MVVMUITests.release.xcconfig"; path = "Target Support Files/Pods-Swift MVVM-Swift MVVMUITests/Pods-Swift MVVM-Swift MVVMUITests.release.xcconfig"; sourceTree = "<group>"; };
		D8E074ECAA7EB68F42876D5B /* Pods-Swift MVVM.release.xcconfig */ = {isa = PBXFileReference; includeInIndex = 1; lastKnownFileType = text.xcconfig; name = "Pods-Swift MVVM.release.xcconfig"; path = "Target Support Files/Pods-Swift MVVM/Pods-Swift MVVM.release.xcconfig"; sourceTree = "<group>"; };
		EEF38A5AD5DE00DEED4F93BF /* Pods-Swift MVVMTests.debug.xcconfig */ = {isa = PBXFileReference; includeInIndex = 1; lastKnownFileType = text.xcconfig; name = "Pods-Swift MVVMTests.debug.xcconfig"; path = "Target Support Files/Pods-Swift MVVMTests/Pods-Swift MVVMTests.debug.xcconfig"; sourceTree = "<group>"; };
		FFEBAF1999B54EF2CF3ECCBA /* Pods-Swift MVVMTests.release.xcconfig */ = {isa = PBXFileReference; includeInIndex = 1; lastKnownFileType = text.xcconfig; name = "Pods-Swift MVVMTests.release.xcconfig"; path = "Target Support Files/Pods-Swift MVVMTests/Pods-Swift MVVMTests.release.xcconfig"; sourceTree = "<group>"; };
/* End PBXFileReference section */

/* Begin PBXFrameworksBuildPhase section */
		954B414A262D139C004E73B3 /* Frameworks */ = {
			isa = PBXFrameworksBuildPhase;
			buildActionMask = 2147483647;
			files = (
				A4439128EEAB61F915E1443E /* Pods_Swift_MVVM.framework in Frameworks */,
			);
			runOnlyForDeploymentPostprocessing = 0;
		};
		954B415B262D139D004E73B3 /* Frameworks */ = {
			isa = PBXFrameworksBuildPhase;
			buildActionMask = 2147483647;
			files = (
				F18D17A088433E3C2774BD7A /* Pods_Swift_MVVMTests.framework in Frameworks */,
			);
			runOnlyForDeploymentPostprocessing = 0;
		};
		954B4166262D139D004E73B3 /* Frameworks */ = {
			isa = PBXFrameworksBuildPhase;
			buildActionMask = 2147483647;
			files = (
				5B3B52C8AF37F3BFA838122C /* Pods_Swift_MVVM_Swift_MVVMUITests.framework in Frameworks */,
			);
			runOnlyForDeploymentPostprocessing = 0;
		};
/* End PBXFrameworksBuildPhase section */

/* Begin PBXGroup section */
		17494B41101316F3A7D773C7 /* Pods */ = {
			isa = PBXGroup;
			children = (
				01C38BF3833AEE9C0436CBB2 /* Pods-Swift MVVM.debug.xcconfig */,
				D8E074ECAA7EB68F42876D5B /* Pods-Swift MVVM.release.xcconfig */,
				B54D67AA51D54F2782795405 /* Pods-Swift MVVM-Swift MVVMUITests.debug.xcconfig */,
				BE1754FA626448D6E37254D4 /* Pods-Swift MVVM-Swift MVVMUITests.release.xcconfig */,
				EEF38A5AD5DE00DEED4F93BF /* Pods-Swift MVVMTests.debug.xcconfig */,
				FFEBAF1999B54EF2CF3ECCBA /* Pods-Swift MVVMTests.release.xcconfig */,
			);
			path = Pods;
			sourceTree = "<group>";
		};
		9539400B2631980B0067D390 /* ui */ = {
			isa = PBXGroup;
			children = (
				95A50C9526356C6900E79C38 /* router */,
				95A50C9426356AA400E79C38 /* view */,
				95A50C9326356A9600E79C38 /* base */,
			);
			path = ui;
			sourceTree = "<group>";
		};
		9539400C263198140067D390 /* repository */ = {
			isa = PBXGroup;
			children = (
				95394010263198440067D390 /* local */,
				9539400F2631983F0067D390 /* remote */,
				95E209F326457C9500AC83A0 /* GithubRepository.swift */,
			);
			path = repository;
			sourceTree = "<group>";
		};
		9539400F2631983F0067D390 /* remote */ = {
			isa = PBXGroup;
			children = (
				95CF03FD264A2363004B3012 /* switro */,
				957CE9D8264958D9000873F1 /* alamo */,
				958EB6082646A5E300D0770C /* legacy */,
				9539401C263199310067D390 /* base */,
				95E209EF264565A100AC83A0 /* GithubDatasource.swift */,
				95F7DC8D2649810300CC09AB /* RestService.swift */,
			);
			path = remote;
			sourceTree = "<group>";
		};
		95394010263198440067D390 /* local */ = {
			isa = PBXGroup;
			children = (
				958EB60B2646A92600D0770C /* base */,
				95E209F526457D5200AC83A0 /* GithubUserDAO.swift */,
			);
			path = local;
			sourceTree = "<group>";
		};
		95394011263198590067D390 /* viewmodel */ = {
			isa = PBXGroup;
			children = (
				958F1DCD2643F02700F8896C /* Main */,
				958F1DCC2643F01600F8896C /* Launcher */,
				953940362631AFC50067D390 /* GithubUserViewModel.swift */,
				958F1DCE2643F03900F8896C /* RootViewModel.swift */,
				95E209F92645810100AC83A0 /* BaseViewModel.swift */,
			);
			path = viewmodel;
			sourceTree = "<group>";
		};
		953940122631987D0067D390 /* model */ = {
			isa = PBXGroup;
			children = (
				95C7EBA0264BCB970030EF74 /* local */,
				95C7EB9F264BCB8E0030EF74 /* remote */,
			);
			path = model;
			sourceTree = "<group>";
		};
		9539401C263199310067D390 /* base */ = {
			isa = PBXGroup;
			children = (
				95E209F1264566F200AC83A0 /* BaseDatasource.swift */,
				957CE9D026492B7D000873F1 /* Request.swift */,
				957CE9D226493925000873F1 /* NetworkRequestError.swift */,
				957CE9D4264939B4000873F1 /* NetworkDispatcher.swift */,
				957CE9D626493D35000873F1 /* NetworkClient.swift */,
			);
			path = base;
			sourceTree = "<group>";
		};
		953940282631AA820067D390 /* Github */ = {
			isa = PBXGroup;
			children = (
				953940292631AAA00067D390 /* GithubUserView.swift */,
				953940312631AAD70067D390 /* GithubUserItemView.swift */,
				9548B6FD26560D1400028B84 /* GithubUserTitle.swift */,
			);
			path = Github;
			sourceTree = "<group>";
		};
		954B4144262D139C004E73B3 = {
			isa = PBXGroup;
			children = (
				954B414F262D139C004E73B3 /* Swift MVVM */,
				954B4161262D139D004E73B3 /* Swift MVVMTests */,
				954B416C262D139D004E73B3 /* Swift MVVMUITests */,
				954B414E262D139C004E73B3 /* Products */,
				17494B41101316F3A7D773C7 /* Pods */,
				ECE0292C6516452709EAC59B /* Frameworks */,
			);
			sourceTree = "<group>";
		};
		954B414E262D139C004E73B3 /* Products */ = {
			isa = PBXGroup;
			children = (
				954B414D262D139C004E73B3 /* Swift MVVM.app */,
				954B415E262D139D004E73B3 /* Swift MVVMTests.xctest */,
				954B4169262D139D004E73B3 /* Swift MVVMUITests.xctest */,
			);
			name = Products;
			sourceTree = "<group>";
		};
		954B414F262D139C004E73B3 /* Swift MVVM */ = {
			isa = PBXGroup;
			children = (
				95A50C9926356E2100E79C38 /* asset */,
				9539400B2631980B0067D390 /* ui */,
				95394011263198590067D390 /* viewmodel */,
				953940122631987D0067D390 /* model */,
				9539400C263198140067D390 /* repository */,
				95A50CB126356F6F00E79C38 /* util */,
				954B4150262D139C004E73B3 /* MainApp.swift */,
				954B4159262D139D004E73B3 /* Info.plist */,
				954B4156262D139D004E73B3 /* Preview Content */,
			);
			path = "Swift MVVM";
			sourceTree = "<group>";
		};
		954B4156262D139D004E73B3 /* Preview Content */ = {
			isa = PBXGroup;
			children = (
				954B4157262D139D004E73B3 /* Preview Assets.xcassets */,
			);
			path = "Preview Content";
			sourceTree = "<group>";
		};
		954B4161262D139D004E73B3 /* Swift MVVMTests */ = {
			isa = PBXGroup;
			children = (
				954B4162262D139D004E73B3 /* Swift_MVVMTests.swift */,
				954B4164262D139D004E73B3 /* Info.plist */,
			);
			path = "Swift MVVMTests";
			sourceTree = "<group>";
		};
		954B416C262D139D004E73B3 /* Swift MVVMUITests */ = {
			isa = PBXGroup;
			children = (
				954B416D262D139D004E73B3 /* Swift_MVVMUITests.swift */,
				954B416F262D139D004E73B3 /* Info.plist */,
			);
			path = "Swift MVVMUITests";
			sourceTree = "<group>";
		};
		957CE9D8264958D9000873F1 /* alamo */ = {
			isa = PBXGroup;
			children = (
				957CE9D926495901000873F1 /* URLRequestBuilder.swift */,
				957CE9DB264959CC000873F1 /* NetworkConfig.swift */,
			);
			path = alamo;
			sourceTree = "<group>";
		};
		958EB6082646A5E300D0770C /* legacy */ = {
			isa = PBXGroup;
			children = (
				958EB6092646A70D00D0770C /* ApiHandler.swift */,
				953485F826380DB000812A7F /* GithubUserApiLegacy.swift */,
				9539401D263199420067D390 /* LegacyNetwork.swift */,
				952B8B0A264176C700F04F36 /* BaseResponse.swift */,
				952B8B08264176A300F04F36 /* BaseRequest.swift */,
			);
			path = legacy;
			sourceTree = "<group>";
		};
		958EB60B2646A92600D0770C /* base */ = {
			isa = PBXGroup;
			children = (
				95E209F726457D7200AC83A0 /* BaseDAO.swift */,
			);
			path = base;
			sourceTree = "<group>";
		};
		958F1DC92643EEF800F8896C /* Main */ = {
			isa = PBXGroup;
			children = (
				958F1DCA2643EFB600F8896C /* MainView.swift */,
			);
			path = Main;
			sourceTree = "<group>";
		};
		958F1DCC2643F01600F8896C /* Launcher */ = {
			isa = PBXGroup;
			children = (
			);
			path = Launcher;
			sourceTree = "<group>";
		};
		958F1DCD2643F02700F8896C /* Main */ = {
			isa = PBXGroup;
			children = (
			);
			path = Main;
			sourceTree = "<group>";
		};
		95A50C8A26356A1D00E79C38 /* Launcher */ = {
			isa = PBXGroup;
			children = (
				95A50C8B26356A4B00E79C38 /* LauncherView.swift */,
			);
			path = Launcher;
			sourceTree = "<group>";
		};
		95A50C9326356A9600E79C38 /* base */ = {
			isa = PBXGroup;
			children = (
			);
			path = base;
			sourceTree = "<group>";
		};
		95A50C9426356AA400E79C38 /* view */ = {
			isa = PBXGroup;
			children = (
				954B4152262D139C004E73B3 /* RootView.swift */,
				958F1DC92643EEF800F8896C /* Main */,
				95A50C8A26356A1D00E79C38 /* Launcher */,
				953940282631AA820067D390 /* Github */,
			);
			path = view;
			sourceTree = "<group>";
		};
		95A50C9526356C6900E79C38 /* router */ = {
			isa = PBXGroup;
			children = (
			);
			path = router;
			sourceTree = "<group>";
		};
		95A50C9926356E2100E79C38 /* asset */ = {
			isa = PBXGroup;
			children = (
				95A50C9A26356E5200E79C38 /* Font */,
				954B4154262D139D004E73B3 /* Assets.xcassets */,
				95A50CA226356E5F00E79C38 /* Colors.xcassets */,
				95A50CA726356E8E00E79C38 /* Font.swift */,
				95A50CAC26356E9600E79C38 /* Resource.swift */,
			);
			path = asset;
			sourceTree = "<group>";
		};
		95A50C9A26356E5200E79C38 /* Font */ = {
			isa = PBXGroup;
			children = (
				95A50C9B26356E5200E79C38 /* Spoqa Han Sans Regular.ttf */,
				95A50C9C26356E5200E79C38 /* Spoqa Han Sans Bold.ttf */,
			);
			path = Font;
			sourceTree = "<group>";
		};
		95A50CB126356F6F00E79C38 /* util */ = {
			isa = PBXGroup;
			children = (
				95A50CB226356F8500E79C38 /* LogUtil.swift */,
				953485F42638065100812A7F /* Default.swift */,
			);
			path = util;
			sourceTree = "<group>";
		};
		95C7EB9F264BCB8E0030EF74 /* remote */ = {
			isa = PBXGroup;
			children = (
				95E209ED264551D300AC83A0 /* GithubUser.swift */,
			);
			path = remote;
			sourceTree = "<group>";
		};
		95C7EBA0264BCB970030EF74 /* local */ = {
			isa = PBXGroup;
			children = (
			);
			path = local;
			sourceTree = "<group>";
		};
		95CF03FD264A2363004B3012 /* switro */ = {
			isa = PBXGroup;
			children = (
				957CE9DF26496DE3000873F1 /* Switro.swift */,
				9548B6F52656081E00028B84 /* SwitProtocol.swift */,
				9548B6FB265608AA00028B84 /* Switrest.swift */,
			);
			path = switro;
			sourceTree = "<group>";
		};
		ECE0292C6516452709EAC59B /* Frameworks */ = {
			isa = PBXGroup;
			children = (
				952488F472C46B7D652F6F44 /* Pods_Swift_MVVM.framework */,
				1730F744ECF35875744A0CBA /* Pods_Swift_MVVM_Swift_MVVMUITests.framework */,
				64DAA54A3FD6A96B2F53DEE7 /* Pods_Swift_MVVMTests.framework */,
			);
			name = Frameworks;
			sourceTree = "<group>";
		};
/* End PBXGroup section */

/* Begin PBXNativeTarget section */
		954B414C262D139C004E73B3 /* Swift MVVM */ = {
			isa = PBXNativeTarget;
			buildConfigurationList = 954B4172262D139D004E73B3 /* Build configuration list for PBXNativeTarget "Swift MVVM" */;
			buildPhases = (
				3D456C1A98C4399499C08E21 /* [CP] Check Pods Manifest.lock */,
				954B4149262D139C004E73B3 /* Sources */,
				954B414A262D139C004E73B3 /* Frameworks */,
				954B414B262D139C004E73B3 /* Resources */,
				E7EEFBE013CDC67216AE28A3 /* [CP] Embed Pods Frameworks */,
			);
			buildRules = (
			);
			dependencies = (
			);
			name = "Swift MVVM";
			productName = "Swift MVVM";
			productReference = 954B414D262D139C004E73B3 /* Swift MVVM.app */;
			productType = "com.apple.product-type.application";
		};
		954B415D262D139D004E73B3 /* Swift MVVMTests */ = {
			isa = PBXNativeTarget;
			buildConfigurationList = 954B4175262D139D004E73B3 /* Build configuration list for PBXNativeTarget "Swift MVVMTests" */;
			buildPhases = (
				2E216394D6C5DED1361D017F /* [CP] Check Pods Manifest.lock */,
				954B415A262D139D004E73B3 /* Sources */,
				954B415B262D139D004E73B3 /* Frameworks */,
				954B415C262D139D004E73B3 /* Resources */,
			);
			buildRules = (
			);
			dependencies = (
				954B4160262D139D004E73B3 /* PBXTargetDependency */,
			);
			name = "Swift MVVMTests";
			productName = "Swift MVVMTests";
			productReference = 954B415E262D139D004E73B3 /* Swift MVVMTests.xctest */;
			productType = "com.apple.product-type.bundle.unit-test";
		};
		954B4168262D139D004E73B3 /* Swift MVVMUITests */ = {
			isa = PBXNativeTarget;
			buildConfigurationList = 954B4178262D139D004E73B3 /* Build configuration list for PBXNativeTarget "Swift MVVMUITests" */;
			buildPhases = (
				E53FE49280BD5AF602B332AB /* [CP] Check Pods Manifest.lock */,
				954B4165262D139D004E73B3 /* Sources */,
				954B4166262D139D004E73B3 /* Frameworks */,
				954B4167262D139D004E73B3 /* Resources */,
				26AC7AC2E4AB3D5BFF4296E8 /* [CP] Embed Pods Frameworks */,
			);
			buildRules = (
			);
			dependencies = (
				954B416B262D139D004E73B3 /* PBXTargetDependency */,
			);
			name = "Swift MVVMUITests";
			productName = "Swift MVVMUITests";
			productReference = 954B4169262D139D004E73B3 /* Swift MVVMUITests.xctest */;
			productType = "com.apple.product-type.bundle.ui-testing";
		};
/* End PBXNativeTarget section */

/* Begin PBXProject section */
		954B4145262D139C004E73B3 /* Project object */ = {
			isa = PBXProject;
			attributes = {
				LastSwiftUpdateCheck = 1240;
				LastUpgradeCheck = 1240;
				TargetAttributes = {
					954B414C262D139C004E73B3 = {
						CreatedOnToolsVersion = 12.4;
					};
					954B415D262D139D004E73B3 = {
						CreatedOnToolsVersion = 12.4;
						TestTargetID = 954B414C262D139C004E73B3;
					};
					954B4168262D139D004E73B3 = {
						CreatedOnToolsVersion = 12.4;
						TestTargetID = 954B414C262D139C004E73B3;
					};
				};
			};
			buildConfigurationList = 954B4148262D139C004E73B3 /* Build configuration list for PBXProject "Swift MVVM" */;
			compatibilityVersion = "Xcode 9.3";
			developmentRegion = en;
			hasScannedForEncodings = 0;
			knownRegions = (
				en,
				Base,
			);
			mainGroup = 954B4144262D139C004E73B3;
			productRefGroup = 954B414E262D139C004E73B3 /* Products */;
			projectDirPath = "";
			projectRoot = "";
			targets = (
				954B414C262D139C004E73B3 /* Swift MVVM */,
				954B415D262D139D004E73B3 /* Swift MVVMTests */,
				954B4168262D139D004E73B3 /* Swift MVVMUITests */,
			);
		};
/* End PBXProject section */

/* Begin PBXResourcesBuildPhase section */
		954B414B262D139C004E73B3 /* Resources */ = {
			isa = PBXResourcesBuildPhase;
			buildActionMask = 2147483647;
			files = (
				95A50CA326356E5F00E79C38 /* Colors.xcassets in Resources */,
				95A50C9E26356E5200E79C38 /* Spoqa Han Sans Bold.ttf in Resources */,
				954B4158262D139D004E73B3 /* Preview Assets.xcassets in Resources */,
				954B4155262D139D004E73B3 /* Assets.xcassets in Resources */,
				95A50C9D26356E5200E79C38 /* Spoqa Han Sans Regular.ttf in Resources */,
			);
			runOnlyForDeploymentPostprocessing = 0;
		};
		954B415C262D139D004E73B3 /* Resources */ = {
			isa = PBXResourcesBuildPhase;
			buildActionMask = 2147483647;
			files = (
			);
			runOnlyForDeploymentPostprocessing = 0;
		};
		954B4167262D139D004E73B3 /* Resources */ = {
			isa = PBXResourcesBuildPhase;
			buildActionMask = 2147483647;
			files = (
			);
			runOnlyForDeploymentPostprocessing = 0;
		};
/* End PBXResourcesBuildPhase section */

/* Begin PBXShellScriptBuildPhase section */
		26AC7AC2E4AB3D5BFF4296E8 /* [CP] Embed Pods Frameworks */ = {
			isa = PBXShellScriptBuildPhase;
			buildActionMask = 2147483647;
			files = (
			);
			inputFileListPaths = (
				"${PODS_ROOT}/Target Support Files/Pods-Swift MVVM-Swift MVVMUITests/Pods-Swift MVVM-Swift MVVMUITests-frameworks-${CONFIGURATION}-input-files.xcfilelist",
			);
			name = "[CP] Embed Pods Frameworks";
			outputFileListPaths = (
				"${PODS_ROOT}/Target Support Files/Pods-Swift MVVM-Swift MVVMUITests/Pods-Swift MVVM-Swift MVVMUITests-frameworks-${CONFIGURATION}-output-files.xcfilelist",
			);
			runOnlyForDeploymentPostprocessing = 0;
			shellPath = /bin/sh;
			shellScript = "\"${PODS_ROOT}/Target Support Files/Pods-Swift MVVM-Swift MVVMUITests/Pods-Swift MVVM-Swift MVVMUITests-frameworks.sh\"\n";
			showEnvVarsInLog = 0;
		};
		2E216394D6C5DED1361D017F /* [CP] Check Pods Manifest.lock */ = {
			isa = PBXShellScriptBuildPhase;
			buildActionMask = 2147483647;
			files = (
			);
			inputFileListPaths = (
			);
			inputPaths = (
				"${PODS_PODFILE_DIR_PATH}/Podfile.lock",
				"${PODS_ROOT}/Manifest.lock",
			);
			name = "[CP] Check Pods Manifest.lock";
			outputFileListPaths = (
			);
			outputPaths = (
				"$(DERIVED_FILE_DIR)/Pods-Swift MVVMTests-checkManifestLockResult.txt",
			);
			runOnlyForDeploymentPostprocessing = 0;
			shellPath = /bin/sh;
			shellScript = "diff \"${PODS_PODFILE_DIR_PATH}/Podfile.lock\" \"${PODS_ROOT}/Manifest.lock\" > /dev/null\nif [ $? != 0 ] ; then\n    # print error to STDERR\n    echo \"error: The sandbox is not in sync with the Podfile.lock. Run 'pod install' or update your CocoaPods installation.\" >&2\n    exit 1\nfi\n# This output is used by Xcode 'outputs' to avoid re-running this script phase.\necho \"SUCCESS\" > \"${SCRIPT_OUTPUT_FILE_0}\"\n";
			showEnvVarsInLog = 0;
		};
		3D456C1A98C4399499C08E21 /* [CP] Check Pods Manifest.lock */ = {
			isa = PBXShellScriptBuildPhase;
			buildActionMask = 2147483647;
			files = (
			);
			inputFileListPaths = (
			);
			inputPaths = (
				"${PODS_PODFILE_DIR_PATH}/Podfile.lock",
				"${PODS_ROOT}/Manifest.lock",
			);
			name = "[CP] Check Pods Manifest.lock";
			outputFileListPaths = (
			);
			outputPaths = (
				"$(DERIVED_FILE_DIR)/Pods-Swift MVVM-checkManifestLockResult.txt",
			);
			runOnlyForDeploymentPostprocessing = 0;
			shellPath = /bin/sh;
			shellScript = "diff \"${PODS_PODFILE_DIR_PATH}/Podfile.lock\" \"${PODS_ROOT}/Manifest.lock\" > /dev/null\nif [ $? != 0 ] ; then\n    # print error to STDERR\n    echo \"error: The sandbox is not in sync with the Podfile.lock. Run 'pod install' or update your CocoaPods installation.\" >&2\n    exit 1\nfi\n# This output is used by Xcode 'outputs' to avoid re-running this script phase.\necho \"SUCCESS\" > \"${SCRIPT_OUTPUT_FILE_0}\"\n";
			showEnvVarsInLog = 0;
		};
		E53FE49280BD5AF602B332AB /* [CP] Check Pods Manifest.lock */ = {
			isa = PBXShellScriptBuildPhase;
			buildActionMask = 2147483647;
			files = (
			);
			inputFileListPaths = (
			);
			inputPaths = (
				"${PODS_PODFILE_DIR_PATH}/Podfile.lock",
				"${PODS_ROOT}/Manifest.lock",
			);
			name = "[CP] Check Pods Manifest.lock";
			outputFileListPaths = (
			);
			outputPaths = (
				"$(DERIVED_FILE_DIR)/Pods-Swift MVVM-Swift MVVMUITests-checkManifestLockResult.txt",
			);
			runOnlyForDeploymentPostprocessing = 0;
			shellPath = /bin/sh;
			shellScript = "diff \"${PODS_PODFILE_DIR_PATH}/Podfile.lock\" \"${PODS_ROOT}/Manifest.lock\" > /dev/null\nif [ $? != 0 ] ; then\n    # print error to STDERR\n    echo \"error: The sandbox is not in sync with the Podfile.lock. Run 'pod install' or update your CocoaPods installation.\" >&2\n    exit 1\nfi\n# This output is used by Xcode 'outputs' to avoid re-running this script phase.\necho \"SUCCESS\" > \"${SCRIPT_OUTPUT_FILE_0}\"\n";
			showEnvVarsInLog = 0;
		};
		E7EEFBE013CDC67216AE28A3 /* [CP] Embed Pods Frameworks */ = {
			isa = PBXShellScriptBuildPhase;
			buildActionMask = 2147483647;
			files = (
			);
			inputFileListPaths = (
				"${PODS_ROOT}/Target Support Files/Pods-Swift MVVM/Pods-Swift MVVM-frameworks-${CONFIGURATION}-input-files.xcfilelist",
			);
			name = "[CP] Embed Pods Frameworks";
			outputFileListPaths = (
				"${PODS_ROOT}/Target Support Files/Pods-Swift MVVM/Pods-Swift MVVM-frameworks-${CONFIGURATION}-output-files.xcfilelist",
			);
			runOnlyForDeploymentPostprocessing = 0;
			shellPath = /bin/sh;
			shellScript = "\"${PODS_ROOT}/Target Support Files/Pods-Swift MVVM/Pods-Swift MVVM-frameworks.sh\"\n";
			showEnvVarsInLog = 0;
		};
/* End PBXShellScriptBuildPhase section */

/* Begin PBXSourcesBuildPhase section */
		954B4149262D139C004E73B3 /* Sources */ = {
			isa = PBXSourcesBuildPhase;
			buildActionMask = 2147483647;
			files = (
				958F1DCF2643F03900F8896C /* RootViewModel.swift in Sources */,
				957CE9D326493925000873F1 /* NetworkRequestError.swift in Sources */,
				9548B6FC265608AA00028B84 /* Switrest.swift in Sources */,
				952B8B0B264176C700F04F36 /* BaseResponse.swift in Sources */,
				95A50CAD26356E9600E79C38 /* Resource.swift in Sources */,
				9539402A2631AAA00067D390 /* GithubUserView.swift in Sources */,
				9548B6FE26560D1400028B84 /* GithubUserTitle.swift in Sources */,
				957CE9E026496DE3000873F1 /* Switro.swift in Sources */,
				95A50CB326356F8500E79C38 /* LogUtil.swift in Sources */,
				95E209FA2645810100AC83A0 /* BaseViewModel.swift in Sources */,
				953940322631AAD70067D390 /* GithubUserItemView.swift in Sources */,
				953940372631AFC50067D390 /* GithubUserViewModel.swift in Sources */,
				95F7DC8E2649810300CC09AB /* RestService.swift in Sources */,
				9548B6F62656081E00028B84 /* SwitProtocol.swift in Sources */,
				9539401E263199420067D390 /* LegacyNetwork.swift in Sources */,
				95A50CA826356E8E00E79C38 /* Font.swift in Sources */,
				957CE9D726493D35000873F1 /* NetworkClient.swift in Sources */,
				95A50C8C26356A4B00E79C38 /* LauncherView.swift in Sources */,
				958F1DCB2643EFB600F8896C /* MainView.swift in Sources */,
				957CE9D126492B7D000873F1 /* Request.swift in Sources */,
				953485F926380DB000812A7F /* GithubUserApiLegacy.swift in Sources */,
				957CE9D5264939B4000873F1 /* NetworkDispatcher.swift in Sources */,
				95E209F426457C9500AC83A0 /* GithubRepository.swift in Sources */,
				953485F52638065100812A7F /* Default.swift in Sources */,
				95E209F2264566F200AC83A0 /* BaseDatasource.swift in Sources */,
				95E209EE264551D300AC83A0 /* GithubUser.swift in Sources */,
				954B4153262D139C004E73B3 /* RootView.swift in Sources */,
				957CE9DA26495901000873F1 /* URLRequestBuilder.swift in Sources */,
				95E209F826457D7200AC83A0 /* BaseDAO.swift in Sources */,
				958EB60A2646A70D00D0770C /* ApiHandler.swift in Sources */,
				952B8B09264176A300F04F36 /* BaseRequest.swift in Sources */,
				957CE9DC264959CC000873F1 /* NetworkConfig.swift in Sources */,
				95E209F626457D5200AC83A0 /* GithubUserDAO.swift in Sources */,
				95E209F0264565A100AC83A0 /* GithubDatasource.swift in Sources */,
				954B4151262D139C004E73B3 /* MainApp.swift in Sources */,
			);
			runOnlyForDeploymentPostprocessing = 0;
		};
		954B415A262D139D004E73B3 /* Sources */ = {
			isa = PBXSourcesBuildPhase;
			buildActionMask = 2147483647;
			files = (
				954B4163262D139D004E73B3 /* Swift_MVVMTests.swift in Sources */,
			);
			runOnlyForDeploymentPostprocessing = 0;
		};
		954B4165262D139D004E73B3 /* Sources */ = {
			isa = PBXSourcesBuildPhase;
			buildActionMask = 2147483647;
			files = (
				954B416E262D139D004E73B3 /* Swift_MVVMUITests.swift in Sources */,
			);
			runOnlyForDeploymentPostprocessing = 0;
		};
/* End PBXSourcesBuildPhase section */

/* Begin PBXTargetDependency section */
		954B4160262D139D004E73B3 /* PBXTargetDependency */ = {
			isa = PBXTargetDependency;
			target = 954B414C262D139C004E73B3 /* Swift MVVM */;
			targetProxy = 954B415F262D139D004E73B3 /* PBXContainerItemProxy */;
		};
		954B416B262D139D004E73B3 /* PBXTargetDependency */ = {
			isa = PBXTargetDependency;
			target = 954B414C262D139C004E73B3 /* Swift MVVM */;
			targetProxy = 954B416A262D139D004E73B3 /* PBXContainerItemProxy */;
		};
/* End PBXTargetDependency section */

/* Begin XCBuildConfiguration section */
		954B4170262D139D004E73B3 /* Debug */ = {
			isa = XCBuildConfiguration;
			buildSettings = {
				ALWAYS_SEARCH_USER_PATHS = NO;
				CLANG_ANALYZER_NONNULL = YES;
				CLANG_ANALYZER_NUMBER_OBJECT_CONVERSION = YES_AGGRESSIVE;
				CLANG_CXX_LANGUAGE_STANDARD = "gnu++14";
				CLANG_CXX_LIBRARY = "libc++";
				CLANG_ENABLE_MODULES = YES;
				CLANG_ENABLE_OBJC_ARC = YES;
				CLANG_ENABLE_OBJC_WEAK = YES;
				CLANG_WARN_BLOCK_CAPTURE_AUTORELEASING = YES;
				CLANG_WARN_BOOL_CONVERSION = YES;
				CLANG_WARN_COMMA = YES;
				CLANG_WARN_CONSTANT_CONVERSION = YES;
				CLANG_WARN_DEPRECATED_OBJC_IMPLEMENTATIONS = YES;
				CLANG_WARN_DIRECT_OBJC_ISA_USAGE = YES_ERROR;
				CLANG_WARN_DOCUMENTATION_COMMENTS = YES;
				CLANG_WARN_EMPTY_BODY = YES;
				CLANG_WARN_ENUM_CONVERSION = YES;
				CLANG_WARN_INFINITE_RECURSION = YES;
				CLANG_WARN_INT_CONVERSION = YES;
				CLANG_WARN_NON_LITERAL_NULL_CONVERSION = YES;
				CLANG_WARN_OBJC_IMPLICIT_RETAIN_SELF = YES;
				CLANG_WARN_OBJC_LITERAL_CONVERSION = YES;
				CLANG_WARN_OBJC_ROOT_CLASS = YES_ERROR;
				CLANG_WARN_QUOTED_INCLUDE_IN_FRAMEWORK_HEADER = YES;
				CLANG_WARN_RANGE_LOOP_ANALYSIS = YES;
				CLANG_WARN_STRICT_PROTOTYPES = YES;
				CLANG_WARN_SUSPICIOUS_MOVE = YES;
				CLANG_WARN_UNGUARDED_AVAILABILITY = YES_AGGRESSIVE;
				CLANG_WARN_UNREACHABLE_CODE = YES;
				CLANG_WARN__DUPLICATE_METHOD_MATCH = YES;
				COPY_PHASE_STRIP = NO;
				DEBUG_INFORMATION_FORMAT = dwarf;
				ENABLE_STRICT_OBJC_MSGSEND = YES;
				ENABLE_TESTABILITY = YES;
				GCC_C_LANGUAGE_STANDARD = gnu11;
				GCC_DYNAMIC_NO_PIC = NO;
				GCC_NO_COMMON_BLOCKS = YES;
				GCC_OPTIMIZATION_LEVEL = 0;
				GCC_PREPROCESSOR_DEFINITIONS = (
					"DEBUG=1",
					"$(inherited)",
				);
				GCC_WARN_64_TO_32_BIT_CONVERSION = YES;
				GCC_WARN_ABOUT_RETURN_TYPE = YES_ERROR;
				GCC_WARN_UNDECLARED_SELECTOR = YES;
				GCC_WARN_UNINITIALIZED_AUTOS = YES_AGGRESSIVE;
				GCC_WARN_UNUSED_FUNCTION = YES;
				GCC_WARN_UNUSED_VARIABLE = YES;
				IPHONEOS_DEPLOYMENT_TARGET = 14.4;
				MTL_ENABLE_DEBUG_INFO = INCLUDE_SOURCE;
				MTL_FAST_MATH = YES;
				ONLY_ACTIVE_ARCH = YES;
				SDKROOT = iphoneos;
				SWIFT_ACTIVE_COMPILATION_CONDITIONS = DEBUG;
				SWIFT_OPTIMIZATION_LEVEL = "-Onone";
			};
			name = Debug;
		};
		954B4171262D139D004E73B3 /* Release */ = {
			isa = XCBuildConfiguration;
			buildSettings = {
				ALWAYS_SEARCH_USER_PATHS = NO;
				CLANG_ANALYZER_NONNULL = YES;
				CLANG_ANALYZER_NUMBER_OBJECT_CONVERSION = YES_AGGRESSIVE;
				CLANG_CXX_LANGUAGE_STANDARD = "gnu++14";
				CLANG_CXX_LIBRARY = "libc++";
				CLANG_ENABLE_MODULES = YES;
				CLANG_ENABLE_OBJC_ARC = YES;
				CLANG_ENABLE_OBJC_WEAK = YES;
				CLANG_WARN_BLOCK_CAPTURE_AUTORELEASING = YES;
				CLANG_WARN_BOOL_CONVERSION = YES;
				CLANG_WARN_COMMA = YES;
				CLANG_WARN_CONSTANT_CONVERSION = YES;
				CLANG_WARN_DEPRECATED_OBJC_IMPLEMENTATIONS = YES;
				CLANG_WARN_DIRECT_OBJC_ISA_USAGE = YES_ERROR;
				CLANG_WARN_DOCUMENTATION_COMMENTS = YES;
				CLANG_WARN_EMPTY_BODY = YES;
				CLANG_WARN_ENUM_CONVERSION = YES;
				CLANG_WARN_INFINITE_RECURSION = YES;
				CLANG_WARN_INT_CONVERSION = YES;
				CLANG_WARN_NON_LITERAL_NULL_CONVERSION = YES;
				CLANG_WARN_OBJC_IMPLICIT_RETAIN_SELF = YES;
				CLANG_WARN_OBJC_LITERAL_CONVERSION = YES;
				CLANG_WARN_OBJC_ROOT_CLASS = YES_ERROR;
				CLANG_WARN_QUOTED_INCLUDE_IN_FRAMEWORK_HEADER = YES;
				CLANG_WARN_RANGE_LOOP_ANALYSIS = YES;
				CLANG_WARN_STRICT_PROTOTYPES = YES;
				CLANG_WARN_SUSPICIOUS_MOVE = YES;
				CLANG_WARN_UNGUARDED_AVAILABILITY = YES_AGGRESSIVE;
				CLANG_WARN_UNREACHABLE_CODE = YES;
				CLANG_WARN__DUPLICATE_METHOD_MATCH = YES;
				COPY_PHASE_STRIP = NO;
				DEBUG_INFORMATION_FORMAT = "dwarf-with-dsym";
				ENABLE_NS_ASSERTIONS = NO;
				ENABLE_STRICT_OBJC_MSGSEND = YES;
				GCC_C_LANGUAGE_STANDARD = gnu11;
				GCC_NO_COMMON_BLOCKS = YES;
				GCC_WARN_64_TO_32_BIT_CONVERSION = YES;
				GCC_WARN_ABOUT_RETURN_TYPE = YES_ERROR;
				GCC_WARN_UNDECLARED_SELECTOR = YES;
				GCC_WARN_UNINITIALIZED_AUTOS = YES_AGGRESSIVE;
				GCC_WARN_UNUSED_FUNCTION = YES;
				GCC_WARN_UNUSED_VARIABLE = YES;
				IPHONEOS_DEPLOYMENT_TARGET = 14.4;
				MTL_ENABLE_DEBUG_INFO = NO;
				MTL_FAST_MATH = YES;
				SDKROOT = iphoneos;
				SWIFT_COMPILATION_MODE = wholemodule;
				SWIFT_OPTIMIZATION_LEVEL = "-O";
				VALIDATE_PRODUCT = YES;
			};
			name = Release;
		};
		954B4173262D139D004E73B3 /* Debug */ = {
			isa = XCBuildConfiguration;
			baseConfigurationReference = 01C38BF3833AEE9C0436CBB2 /* Pods-Swift MVVM.debug.xcconfig */;
			buildSettings = {
				ASSETCATALOG_COMPILER_APPICON_NAME = AppIcon;
				ASSETCATALOG_COMPILER_GLOBAL_ACCENT_COLOR_NAME = AccentColor;
				CODE_SIGN_STYLE = Automatic;
				DEVELOPMENT_ASSET_PATHS = "\"Swift MVVM/Preview Content\"";
				DEVELOPMENT_TEAM = UY7VGU2YJY;
				ENABLE_PREVIEWS = YES;
				INFOPLIST_FILE = "Swift MVVM/Info.plist";
				IPHONEOS_DEPLOYMENT_TARGET = 14.0;
				LD_RUNPATH_SEARCH_PATHS = (
					"$(inherited)",
					"@executable_path/Frameworks",
				);
				PRODUCT_BUNDLE_IDENTIFIER = "net.flow9.Swift-MVVM";
				PRODUCT_NAME = "$(TARGET_NAME)";
				SWIFT_VERSION = 5.0;
				TARGETED_DEVICE_FAMILY = "1,2";
			};
			name = Debug;
		};
		954B4174262D139D004E73B3 /* Release */ = {
			isa = XCBuildConfiguration;
			baseConfigurationReference = D8E074ECAA7EB68F42876D5B /* Pods-Swift MVVM.release.xcconfig */;
			buildSettings = {
				ASSETCATALOG_COMPILER_APPICON_NAME = AppIcon;
				ASSETCATALOG_COMPILER_GLOBAL_ACCENT_COLOR_NAME = AccentColor;
				CODE_SIGN_STYLE = Automatic;
				DEVELOPMENT_ASSET_PATHS = "\"Swift MVVM/Preview Content\"";
				DEVELOPMENT_TEAM = UY7VGU2YJY;
				ENABLE_PREVIEWS = YES;
				INFOPLIST_FILE = "Swift MVVM/Info.plist";
				IPHONEOS_DEPLOYMENT_TARGET = 14.0;
				LD_RUNPATH_SEARCH_PATHS = (
					"$(inherited)",
					"@executable_path/Frameworks",
				);
				PRODUCT_BUNDLE_IDENTIFIER = "net.flow9.Swift-MVVM";
				PRODUCT_NAME = "$(TARGET_NAME)";
				SWIFT_VERSION = 5.0;
				TARGETED_DEVICE_FAMILY = "1,2";
			};
			name = Release;
		};
		954B4176262D139D004E73B3 /* Debug */ = {
			isa = XCBuildConfiguration;
			baseConfigurationReference = EEF38A5AD5DE00DEED4F93BF /* Pods-Swift MVVMTests.debug.xcconfig */;
			buildSettings = {
				ALWAYS_EMBED_SWIFT_STANDARD_LIBRARIES = YES;
				BUNDLE_LOADER = "$(TEST_HOST)";
				CODE_SIGN_STYLE = Automatic;
				DEVELOPMENT_TEAM = UY7VGU2YJY;
				INFOPLIST_FILE = "Swift MVVMTests/Info.plist";
				IPHONEOS_DEPLOYMENT_TARGET = 14.0;
				LD_RUNPATH_SEARCH_PATHS = (
					"$(inherited)",
					"@executable_path/Frameworks",
					"@loader_path/Frameworks",
				);
				PRODUCT_BUNDLE_IDENTIFIER = "net.flow9.Swift-MVVMTests";
				PRODUCT_NAME = "$(TARGET_NAME)";
				SWIFT_VERSION = 5.0;
				TARGETED_DEVICE_FAMILY = "1,2";
				TEST_HOST = "$(BUILT_PRODUCTS_DIR)/Swift MVVM.app/Swift MVVM";
			};
			name = Debug;
		};
		954B4177262D139D004E73B3 /* Release */ = {
			isa = XCBuildConfiguration;
			baseConfigurationReference = FFEBAF1999B54EF2CF3ECCBA /* Pods-Swift MVVMTests.release.xcconfig */;
			buildSettings = {
				ALWAYS_EMBED_SWIFT_STANDARD_LIBRARIES = YES;
				BUNDLE_LOADER = "$(TEST_HOST)";
				CODE_SIGN_STYLE = Automatic;
				DEVELOPMENT_TEAM = UY7VGU2YJY;
				INFOPLIST_FILE = "Swift MVVMTests/Info.plist";
				IPHONEOS_DEPLOYMENT_TARGET = 14.0;
				LD_RUNPATH_SEARCH_PATHS = (
					"$(inherited)",
					"@executable_path/Frameworks",
					"@loader_path/Frameworks",
				);
				PRODUCT_BUNDLE_IDENTIFIER = "net.flow9.Swift-MVVMTests";
				PRODUCT_NAME = "$(TARGET_NAME)";
				SWIFT_VERSION = 5.0;
				TARGETED_DEVICE_FAMILY = "1,2";
				TEST_HOST = "$(BUILT_PRODUCTS_DIR)/Swift MVVM.app/Swift MVVM";
			};
			name = Release;
		};
		954B4179262D139D004E73B3 /* Debug */ = {
			isa = XCBuildConfiguration;
			baseConfigurationReference = B54D67AA51D54F2782795405 /* Pods-Swift MVVM-Swift MVVMUITests.debug.xcconfig */;
			buildSettings = {
				ALWAYS_EMBED_SWIFT_STANDARD_LIBRARIES = YES;
				CODE_SIGN_STYLE = Automatic;
				DEVELOPMENT_TEAM = UY7VGU2YJY;
				INFOPLIST_FILE = "Swift MVVMUITests/Info.plist";
				LD_RUNPATH_SEARCH_PATHS = (
					"$(inherited)",
					"@executable_path/Frameworks",
					"@loader_path/Frameworks",
				);
				PRODUCT_BUNDLE_IDENTIFIER = "net.flow9.Swift-MVVMUITests";
				PRODUCT_NAME = "$(TARGET_NAME)";
				SWIFT_VERSION = 5.0;
				TARGETED_DEVICE_FAMILY = "1,2";
				TEST_TARGET_NAME = "Swift MVVM";
			};
			name = Debug;
		};
		954B417A262D139D004E73B3 /* Release */ = {
			isa = XCBuildConfiguration;
			baseConfigurationReference = BE1754FA626448D6E37254D4 /* Pods-Swift MVVM-Swift MVVMUITests.release.xcconfig */;
			buildSettings = {
				ALWAYS_EMBED_SWIFT_STANDARD_LIBRARIES = YES;
				CODE_SIGN_STYLE = Automatic;
				DEVELOPMENT_TEAM = UY7VGU2YJY;
				INFOPLIST_FILE = "Swift MVVMUITests/Info.plist";
				LD_RUNPATH_SEARCH_PATHS = (
					"$(inherited)",
					"@executable_path/Frameworks",
					"@loader_path/Frameworks",
				);
				PRODUCT_BUNDLE_IDENTIFIER = "net.flow9.Swift-MVVMUITests";
				PRODUCT_NAME = "$(TARGET_NAME)";
				SWIFT_VERSION = 5.0;
				TARGETED_DEVICE_FAMILY = "1,2";
				TEST_TARGET_NAME = "Swift MVVM";
			};
			name = Release;
		};
/* End XCBuildConfiguration section */

/* Begin XCConfigurationList section */
		954B4148262D139C004E73B3 /* Build configuration list for PBXProject "Swift MVVM" */ = {
			isa = XCConfigurationList;
			buildConfigurations = (
				954B4170262D139D004E73B3 /* Debug */,
				954B4171262D139D004E73B3 /* Release */,
			);
			defaultConfigurationIsVisible = 0;
			defaultConfigurationName = Release;
		};
		954B4172262D139D004E73B3 /* Build configuration list for PBXNativeTarget "Swift MVVM" */ = {
			isa = XCConfigurationList;
			buildConfigurations = (
				954B4173262D139D004E73B3 /* Debug */,
				954B4174262D139D004E73B3 /* Release */,
			);
			defaultConfigurationIsVisible = 0;
			defaultConfigurationName = Release;
		};
		954B4175262D139D004E73B3 /* Build configuration list for PBXNativeTarget "Swift MVVMTests" */ = {
			isa = XCConfigurationList;
			buildConfigurations = (
				954B4176262D139D004E73B3 /* Debug */,
				954B4177262D139D004E73B3 /* Release */,
			);
			defaultConfigurationIsVisible = 0;
			defaultConfigurationName = Release;
		};
		954B4178262D139D004E73B3 /* Build configuration list for PBXNativeTarget "Swift MVVMUITests" */ = {
			isa = XCConfigurationList;
			buildConfigurations = (
				954B4179262D139D004E73B3 /* Debug */,
				954B417A262D139D004E73B3 /* Release */,
			);
			defaultConfigurationIsVisible = 0;
			defaultConfigurationName = Release;
		};
/* End XCConfigurationList section */
	};
	rootObject = 954B4145262D139C004E73B3 /* Project object */;
}
